
Microsoft Visual Studio Solution File, Format Version 12.00
# Visual Studio 15
VisualStudioVersion = 15.0.28307.1321
MinimumVisualStudioVersion = 10.0.40219.1
Project("{FAE04EC0-301F-11D3-BF4B-00C04F79EFBC}") = "Browser 1.0 WindowsFormsApp1", "Browser 1.0 WindowsFormsApp1\Browser 1.0 WindowsFormsApp1.csproj", "{F00D45D8-367C-4348-BFB5-133462955774}"
EndProject
Global
	GlobalSection(SolutionConfigurationPlatforms) = preSolution
		Debug|Any CPU = Debug|Any CPU
		Release|Any CPU = Release|Any CPU
	EndGlobalSection
	GlobalSection(ProjectConfigurationPlatforms) = postSolution
		{F00D45D8-367C-4348-BFB5-133462955774}.Debug|Any CPU.ActiveCfg = Debug|Any CPU
		{F00D45D8-367C-4348-BFB5-133462955774}.Debug|Any CPU.Build.0 = Debug|Any CPU
		{F00D45D8-367C-4348-BFB5-133462955774}.Release|Any CPU.ActiveCfg = Release|Any CPU
		{F00D45D8-367C-4348-BFB5-133462955774}.Release|Any CPU.Build.0 = Release|Any CPU
	EndGlobalSection
	GlobalSection(SolutionProperties) = preSolution
		HideSolutionNode = FALSE
	EndGlobalSection
	GlobalSection(ExtensibilityGlobals) = postSolution
		SolutionGuid = {FE096B48-6700-4053-93E8-55E8A94C48C9}
	EndGlobalSection
EndGlobal
