
Microsoft Visual Studio Solution File, Format Version 12.00
# Visual Studio 15
VisualStudioVersion = 15.0.28307.1321
MinimumVisualStudioVersion = 10.0.40219.1
Project("{FAE04EC0-301F-11D3-BF4B-00C04F79EFBC}") = "Temporisador WindowsFormsApp1", "Temporisador WindowsFormsApp1\Temporisador WindowsFormsApp1.csproj", "{B28558EC-0132-4FDF-B4E3-34E56B3E52D7}"
EndProject
Global
	GlobalSection(SolutionConfigurationPlatforms) = preSolution
		Debug|Any CPU = Debug|Any CPU
		Release|Any CPU = Release|Any CPU
	EndGlobalSection
	GlobalSection(ProjectConfigurationPlatforms) = postSolution
		{B28558EC-0132-4FDF-B4E3-34E56B3E52D7}.Debug|Any CPU.ActiveCfg = Debug|Any CPU
		{B28558EC-0132-4FDF-B4E3-34E56B3E52D7}.Debug|Any CPU.Build.0 = Debug|Any CPU
		{B28558EC-0132-4FDF-B4E3-34E56B3E52D7}.Release|Any CPU.ActiveCfg = Release|Any CPU
		{B28558EC-0132-4FDF-B4E3-34E56B3E52D7}.Release|Any CPU.Build.0 = Release|Any CPU
	EndGlobalSection
	GlobalSection(SolutionProperties) = preSolution
		HideSolutionNode = FALSE
	EndGlobalSection
	GlobalSection(ExtensibilityGlobals) = postSolution
		SolutionGuid = {E12B2DD7-77B7-479E-A888-15DC6DA10083}
	EndGlobalSection
EndGlobal
